
Microsoft Visual Studio Solution File, Format Version 10.00
# Visual Studio 2008
Project("{8BC9CEB8-8B4A-11D0-8D11-00A0C91BC942}") = "KinectData", "KinectData\KinectData.vcproj", "{9331C83E-EB8A-4DF2-8A2B-0AC6703DD914}"
EndProject
Global
	GlobalSection(SolutionConfigurationPlatforms) = preSolution
		Debug|Win32 = Debug|Win32
		Release|Win32 = Release|Win32
	EndGlobalSection
	GlobalSection(ProjectConfigurationPlatforms) = postSolution
		{9331C83E-EB8A-4DF2-8A2B-0AC6703DD914}.Debug|Win32.ActiveCfg = Debug|Win32
		{9331C83E-EB8A-4DF2-8A2B-0AC6703DD914}.Debug|Win32.Build.0 = Debug|Win32
		{9331C83E-EB8A-4DF2-8A2B-0AC6703DD914}.Release|Win32.ActiveCfg = Release|Win32
		{9331C83E-EB8A-4DF2-8A2B-0AC6703DD914}.Release|Win32.Build.0 = Release|Win32
	EndGlobalSection
	GlobalSection(SolutionProperties) = preSolution
		HideSolutionNode = FALSE
	EndGlobalSection
EndGlobal
